
Microsoft Visual Studio Solution File, Format Version 12.00
# Visual Studio Version 17
VisualStudioVersion = 17.0.32014.148
MinimumVisualStudioVersion = 10.0.40219.1
Project("{FAE04EC0-301F-11D3-BF4B-00C04F79EFBC}") = "MyCTest1", "MyCTest1.csproj", "{1F0166CB-0261-4A0A-840A-E1B95BFA7256}"
EndProject
Global
	GlobalSection(SolutionConfigurationPlatforms) = preSolution
		Debug|Any CPU = Debug|Any CPU
		Release|Any CPU = Release|Any CPU
	EndGlobalSection
	GlobalSection(ProjectConfigurationPlatforms) = postSolution
		{1F0166CB-0261-4A0A-840A-E1B95BFA7256}.Debug|Any CPU.ActiveCfg = Debug|Any CPU
		{1F0166CB-0261-4A0A-840A-E1B95BFA7256}.Debug|Any CPU.Build.0 = Debug|Any CPU
		{1F0166CB-0261-4A0A-840A-E1B95BFA7256}.Release|Any CPU.ActiveCfg = Release|Any CPU
		{1F0166CB-0261-4A0A-840A-E1B95BFA7256}.Release|Any CPU.Build.0 = Release|Any CPU
	EndGlobalSection
	GlobalSection(SolutionProperties) = preSolution
		HideSolutionNode = FALSE
	EndGlobalSection
	GlobalSection(ExtensibilityGlobals) = postSolution
		SolutionGuid = {3C1695B3-7581-45DD-81C6-191AAD8D8868}
	EndGlobalSection
EndGlobal
